// !$*UTF8*$!
{
	archiveVersion = 1;
	classes = {
	};
	objectVersion = 55;
	objects = {

/* Begin PBXBuildFile section */
		437D038E27FDA5D50002B3B4 /* AppDelegate.swift in Sources */ = {isa = PBXBuildFile; fileRef = 437D038D27FDA5D50002B3B4 /* AppDelegate.swift */; };
		437D039727FDA5D70002B3B4 /* Assets.xcassets in Resources */ = {isa = PBXBuildFile; fileRef = 437D039627FDA5D70002B3B4 /* Assets.xcassets */; };
		437D039A27FDA5D70002B3B4 /* LaunchScreen.storyboard in Resources */ = {isa = PBXBuildFile; fileRef = 437D039827FDA5D70002B3B4 /* LaunchScreen.storyboard */; };
		437D03A527FDA5D80002B3B4 /* WeatherAppTests.swift in Sources */ = {isa = PBXBuildFile; fileRef = 437D03A427FDA5D80002B3B4 /* WeatherAppTests.swift */; };
		437D03AF27FDA5D80002B3B4 /* WeatherAppUITests.swift in Sources */ = {isa = PBXBuildFile; fileRef = 437D03AE27FDA5D80002B3B4 /* WeatherAppUITests.swift */; };
		437D03B127FDA5D80002B3B4 /* WeatherAppUITestsLaunchTests.swift in Sources */ = {isa = PBXBuildFile; fileRef = 437D03B027FDA5D80002B3B4 /* WeatherAppUITestsLaunchTests.swift */; };
		437D03C927FDA7610002B3B4 /* WeatherPresenter.swift in Sources */ = {isa = PBXBuildFile; fileRef = 437D03C327FDA7610002B3B4 /* WeatherPresenter.swift */; };
		437D03CA27FDA7610002B3B4 /* WeatherRouter.swift in Sources */ = {isa = PBXBuildFile; fileRef = 437D03C427FDA7610002B3B4 /* WeatherRouter.swift */; };
		437D03CB27FDA7610002B3B4 /* WeatherViewController.swift in Sources */ = {isa = PBXBuildFile; fileRef = 437D03C527FDA7610002B3B4 /* WeatherViewController.swift */; };
		437D03CC27FDA7610002B3B4 /* WeatherInteractor.swift in Sources */ = {isa = PBXBuildFile; fileRef = 437D03C627FDA7610002B3B4 /* WeatherInteractor.swift */; };
		437D03CD27FDA7610002B3B4 /* WeatherEntity.swift in Sources */ = {isa = PBXBuildFile; fileRef = 437D03C727FDA7610002B3B4 /* WeatherEntity.swift */; };
		437D03CE27FDA7610002B3B4 /* WeatherViewController.xib in Resources */ = {isa = PBXBuildFile; fileRef = 437D03C827FDA7610002B3B4 /* WeatherViewController.xib */; };
		437D03D027FDA79C0002B3B4 /* WeatherAssembly.swift in Sources */ = {isa = PBXBuildFile; fileRef = 437D03CF27FDA79C0002B3B4 /* WeatherAssembly.swift */; };
		437D03D827FDA7D40002B3B4 /* BrowserPresenter.swift in Sources */ = {isa = PBXBuildFile; fileRef = 437D03D227FDA7D40002B3B4 /* BrowserPresenter.swift */; };
		437D03D927FDA7D40002B3B4 /* BrowserRouter.swift in Sources */ = {isa = PBXBuildFile; fileRef = 437D03D327FDA7D40002B3B4 /* BrowserRouter.swift */; };
		437D03DA27FDA7D40002B3B4 /* BrowserViewController.swift in Sources */ = {isa = PBXBuildFile; fileRef = 437D03D427FDA7D40002B3B4 /* BrowserViewController.swift */; };
		437D03DB27FDA7D40002B3B4 /* BrowserInteractor.swift in Sources */ = {isa = PBXBuildFile; fileRef = 437D03D527FDA7D40002B3B4 /* BrowserInteractor.swift */; };
		437D03DC27FDA7D40002B3B4 /* BrowserEntity.swift in Sources */ = {isa = PBXBuildFile; fileRef = 437D03D627FDA7D40002B3B4 /* BrowserEntity.swift */; };
		437D03DD27FDA7D40002B3B4 /* BrowserViewController.xib in Resources */ = {isa = PBXBuildFile; fileRef = 437D03D727FDA7D40002B3B4 /* BrowserViewController.xib */; };
		437D03DF27FDA7EF0002B3B4 /* BrowserAssembly.swift in Sources */ = {isa = PBXBuildFile; fileRef = 437D03DE27FDA7EF0002B3B4 /* BrowserAssembly.swift */; };
		437D03E227FDA8150002B3B4 /* ViewControllerFactoryAssembly.swift in Sources */ = {isa = PBXBuildFile; fileRef = 437D03E127FDA8150002B3B4 /* ViewControllerFactoryAssembly.swift */; };
		437D03E527FDA8320002B3B4 /* ViewControllerFactory.swift in Sources */ = {isa = PBXBuildFile; fileRef = 437D03E427FDA8320002B3B4 /* ViewControllerFactory.swift */; };
		437D03E827FDAC950002B3B4 /* APICallable.swift in Sources */ = {isa = PBXBuildFile; fileRef = 437D03E727FDAC950002B3B4 /* APICallable.swift */; };
		437D03EA27FDAD820002B3B4 /* WeatherError.swift in Sources */ = {isa = PBXBuildFile; fileRef = 437D03E927FDAD820002B3B4 /* WeatherError.swift */; };
		437D03EC27FDAE070002B3B4 /* WeatherResponse.swift in Sources */ = {isa = PBXBuildFile; fileRef = 437D03EB27FDAE070002B3B4 /* WeatherResponse.swift */; };
		437D03EE27FDB3260002B3B4 /* DailyResponse.swift in Sources */ = {isa = PBXBuildFile; fileRef = 437D03ED27FDB3260002B3B4 /* DailyResponse.swift */; };
		E145F54894933810104E9F51 /* Pods_WeatherApp.framework in Frameworks */ = {isa = PBXBuildFile; fileRef = 13904C7C45C80FC5369086A5 /* Pods_WeatherApp.framework */; };
		EC4738919F3822E13FC4B301 /* Pods_WeatherAppTests.framework in Frameworks */ = {isa = PBXBuildFile; fileRef = 8161B9FD2A39C8D314FF4693 /* Pods_WeatherAppTests.framework */; };
		FC0D10FF3CE7244CD1F71738 /* Pods_WeatherApp_WeatherAppUITests.framework in Frameworks */ = {isa = PBXBuildFile; fileRef = EB7CD149243126D20A07FC90 /* Pods_WeatherApp_WeatherAppUITests.framework */; };
/* End PBXBuildFile section */

/* Begin PBXContainerItemProxy section */
		437D03A127FDA5D80002B3B4 /* PBXContainerItemProxy */ = {
			isa = PBXContainerItemProxy;
			containerPortal = 437D038227FDA5D50002B3B4 /* Project object */;
			proxyType = 1;
			remoteGlobalIDString = 437D038927FDA5D50002B3B4;
			remoteInfo = WeatherApp;
		};
		437D03AB27FDA5D80002B3B4 /* PBXContainerItemProxy */ = {
			isa = PBXContainerItemProxy;
			containerPortal = 437D038227FDA5D50002B3B4 /* Project object */;
			proxyType = 1;
			remoteGlobalIDString = 437D038927FDA5D50002B3B4;
			remoteInfo = WeatherApp;
		};
/* End PBXContainerItemProxy section */

/* Begin PBXFileReference section */
		0659E9B7C71B34D1D2805A36 /* Pods-WeatherAppTests.debug.xcconfig */ = {isa = PBXFileReference; includeInIndex = 1; lastKnownFileType = text.xcconfig; name = "Pods-WeatherAppTests.debug.xcconfig"; path = "Target Support Files/Pods-WeatherAppTests/Pods-WeatherAppTests.debug.xcconfig"; sourceTree = "<group>"; };
		13904C7C45C80FC5369086A5 /* Pods_WeatherApp.framework */ = {isa = PBXFileReference; explicitFileType = wrapper.framework; includeInIndex = 0; path = Pods_WeatherApp.framework; sourceTree = BUILT_PRODUCTS_DIR; };
		1DBE6ED2B8C7FE585D3E6DA0 /* Pods-WeatherAppTests.release.xcconfig */ = {isa = PBXFileReference; includeInIndex = 1; lastKnownFileType = text.xcconfig; name = "Pods-WeatherAppTests.release.xcconfig"; path = "Target Support Files/Pods-WeatherAppTests/Pods-WeatherAppTests.release.xcconfig"; sourceTree = "<group>"; };
		29E668673D74C1258225118B /* Pods-WeatherApp-WeatherAppUITests.release.xcconfig */ = {isa = PBXFileReference; includeInIndex = 1; lastKnownFileType = text.xcconfig; name = "Pods-WeatherApp-WeatherAppUITests.release.xcconfig"; path = "Target Support Files/Pods-WeatherApp-WeatherAppUITests/Pods-WeatherApp-WeatherAppUITests.release.xcconfig"; sourceTree = "<group>"; };
		2E5238841A3FE9179FBE78D3 /* Pods-WeatherApp-WeatherAppUITests.debug.xcconfig */ = {isa = PBXFileReference; includeInIndex = 1; lastKnownFileType = text.xcconfig; name = "Pods-WeatherApp-WeatherAppUITests.debug.xcconfig"; path = "Target Support Files/Pods-WeatherApp-WeatherAppUITests/Pods-WeatherApp-WeatherAppUITests.debug.xcconfig"; sourceTree = "<group>"; };
		3B47C9F27BDD942255950040 /* Pods-WeatherApp.debug.xcconfig */ = {isa = PBXFileReference; includeInIndex = 1; lastKnownFileType = text.xcconfig; name = "Pods-WeatherApp.debug.xcconfig"; path = "Target Support Files/Pods-WeatherApp/Pods-WeatherApp.debug.xcconfig"; sourceTree = "<group>"; };
		437D038A27FDA5D50002B3B4 /* WeatherApp.app */ = {isa = PBXFileReference; explicitFileType = wrapper.application; includeInIndex = 0; path = WeatherApp.app; sourceTree = BUILT_PRODUCTS_DIR; };
		437D038D27FDA5D50002B3B4 /* AppDelegate.swift */ = {isa = PBXFileReference; lastKnownFileType = sourcecode.swift; path = AppDelegate.swift; sourceTree = "<group>"; };
		437D039627FDA5D70002B3B4 /* Assets.xcassets */ = {isa = PBXFileReference; lastKnownFileType = folder.assetcatalog; path = Assets.xcassets; sourceTree = "<group>"; };
		437D039927FDA5D70002B3B4 /* Base */ = {isa = PBXFileReference; lastKnownFileType = file.storyboard; name = Base; path = Base.lproj/LaunchScreen.storyboard; sourceTree = "<group>"; };
		437D039B27FDA5D70002B3B4 /* Info.plist */ = {isa = PBXFileReference; lastKnownFileType = text.plist.xml; path = Info.plist; sourceTree = "<group>"; };
		437D03A027FDA5D80002B3B4 /* WeatherAppTests.xctest */ = {isa = PBXFileReference; explicitFileType = wrapper.cfbundle; includeInIndex = 0; path = WeatherAppTests.xctest; sourceTree = BUILT_PRODUCTS_DIR; };
		437D03A427FDA5D80002B3B4 /* WeatherAppTests.swift */ = {isa = PBXFileReference; lastKnownFileType = sourcecode.swift; path = WeatherAppTests.swift; sourceTree = "<group>"; };
		437D03AA27FDA5D80002B3B4 /* WeatherAppUITests.xctest */ = {isa = PBXFileReference; explicitFileType = wrapper.cfbundle; includeInIndex = 0; path = WeatherAppUITests.xctest; sourceTree = BUILT_PRODUCTS_DIR; };
		437D03AE27FDA5D80002B3B4 /* WeatherAppUITests.swift */ = {isa = PBXFileReference; lastKnownFileType = sourcecode.swift; path = WeatherAppUITests.swift; sourceTree = "<group>"; };
		437D03B027FDA5D80002B3B4 /* WeatherAppUITestsLaunchTests.swift */ = {isa = PBXFileReference; lastKnownFileType = sourcecode.swift; path = WeatherAppUITestsLaunchTests.swift; sourceTree = "<group>"; };
		437D03C327FDA7610002B3B4 /* WeatherPresenter.swift */ = {isa = PBXFileReference; lastKnownFileType = sourcecode.swift; path = WeatherPresenter.swift; sourceTree = "<group>"; };
		437D03C427FDA7610002B3B4 /* WeatherRouter.swift */ = {isa = PBXFileReference; lastKnownFileType = sourcecode.swift; path = WeatherRouter.swift; sourceTree = "<group>"; };
		437D03C527FDA7610002B3B4 /* WeatherViewController.swift */ = {isa = PBXFileReference; lastKnownFileType = sourcecode.swift; path = WeatherViewController.swift; sourceTree = "<group>"; };
		437D03C627FDA7610002B3B4 /* WeatherInteractor.swift */ = {isa = PBXFileReference; lastKnownFileType = sourcecode.swift; path = WeatherInteractor.swift; sourceTree = "<group>"; };
		437D03C727FDA7610002B3B4 /* WeatherEntity.swift */ = {isa = PBXFileReference; lastKnownFileType = sourcecode.swift; path = WeatherEntity.swift; sourceTree = "<group>"; };
		437D03C827FDA7610002B3B4 /* WeatherViewController.xib */ = {isa = PBXFileReference; lastKnownFileType = file.xib; path = WeatherViewController.xib; sourceTree = "<group>"; };
		437D03CF27FDA79C0002B3B4 /* WeatherAssembly.swift */ = {isa = PBXFileReference; lastKnownFileType = sourcecode.swift; path = WeatherAssembly.swift; sourceTree = "<group>"; };
		437D03D227FDA7D40002B3B4 /* BrowserPresenter.swift */ = {isa = PBXFileReference; lastKnownFileType = sourcecode.swift; path = BrowserPresenter.swift; sourceTree = "<group>"; };
		437D03D327FDA7D40002B3B4 /* BrowserRouter.swift */ = {isa = PBXFileReference; lastKnownFileType = sourcecode.swift; path = BrowserRouter.swift; sourceTree = "<group>"; };
		437D03D427FDA7D40002B3B4 /* BrowserViewController.swift */ = {isa = PBXFileReference; lastKnownFileType = sourcecode.swift; path = BrowserViewController.swift; sourceTree = "<group>"; };
		437D03D527FDA7D40002B3B4 /* BrowserInteractor.swift */ = {isa = PBXFileReference; lastKnownFileType = sourcecode.swift; path = BrowserInteractor.swift; sourceTree = "<group>"; };
		437D03D627FDA7D40002B3B4 /* BrowserEntity.swift */ = {isa = PBXFileReference; lastKnownFileType = sourcecode.swift; path = BrowserEntity.swift; sourceTree = "<group>"; };
		437D03D727FDA7D40002B3B4 /* BrowserViewController.xib */ = {isa = PBXFileReference; lastKnownFileType = file.xib; path = BrowserViewController.xib; sourceTree = "<group>"; };
		437D03DE27FDA7EF0002B3B4 /* BrowserAssembly.swift */ = {isa = PBXFileReference; lastKnownFileType = sourcecode.swift; path = BrowserAssembly.swift; sourceTree = "<group>"; };
		437D03E127FDA8150002B3B4 /* ViewControllerFactoryAssembly.swift */ = {isa = PBXFileReference; lastKnownFileType = sourcecode.swift; path = ViewControllerFactoryAssembly.swift; sourceTree = "<group>"; };
		437D03E427FDA8320002B3B4 /* ViewControllerFactory.swift */ = {isa = PBXFileReference; lastKnownFileType = sourcecode.swift; path = ViewControllerFactory.swift; sourceTree = "<group>"; };
		437D03E727FDAC950002B3B4 /* APICallable.swift */ = {isa = PBXFileReference; lastKnownFileType = sourcecode.swift; path = APICallable.swift; sourceTree = "<group>"; };
		437D03E927FDAD820002B3B4 /* WeatherError.swift */ = {isa = PBXFileReference; lastKnownFileType = sourcecode.swift; path = WeatherError.swift; sourceTree = "<group>"; };
		437D03EB27FDAE070002B3B4 /* WeatherResponse.swift */ = {isa = PBXFileReference; lastKnownFileType = sourcecode.swift; path = WeatherResponse.swift; sourceTree = "<group>"; };
		437D03ED27FDB3260002B3B4 /* DailyResponse.swift */ = {isa = PBXFileReference; lastKnownFileType = sourcecode.swift; path = DailyResponse.swift; sourceTree = "<group>"; };
		8161B9FD2A39C8D314FF4693 /* Pods_WeatherAppTests.framework */ = {isa = PBXFileReference; explicitFileType = wrapper.framework; includeInIndex = 0; path = Pods_WeatherAppTests.framework; sourceTree = BUILT_PRODUCTS_DIR; };
		B136B83D9349BF74BECCE631 /* Pods-WeatherApp.release.xcconfig */ = {isa = PBXFileReference; includeInIndex = 1; lastKnownFileType = text.xcconfig; name = "Pods-WeatherApp.release.xcconfig"; path = "Target Support Files/Pods-WeatherApp/Pods-WeatherApp.release.xcconfig"; sourceTree = "<group>"; };
		EB7CD149243126D20A07FC90 /* Pods_WeatherApp_WeatherAppUITests.framework */ = {isa = PBXFileReference; explicitFileType = wrapper.framework; includeInIndex = 0; path = Pods_WeatherApp_WeatherAppUITests.framework; sourceTree = BUILT_PRODUCTS_DIR; };
/* End PBXFileReference section */

/* Begin PBXFrameworksBuildPhase section */
		437D038727FDA5D50002B3B4 /* Frameworks */ = {
			isa = PBXFrameworksBuildPhase;
			buildActionMask = 2147483647;
			files = (
				E145F54894933810104E9F51 /* Pods_WeatherApp.framework in Frameworks */,
			);
			runOnlyForDeploymentPostprocessing = 0;
		};
		437D039D27FDA5D80002B3B4 /* Frameworks */ = {
			isa = PBXFrameworksBuildPhase;
			buildActionMask = 2147483647;
			files = (
				EC4738919F3822E13FC4B301 /* Pods_WeatherAppTests.framework in Frameworks */,
			);
			runOnlyForDeploymentPostprocessing = 0;
		};
		437D03A727FDA5D80002B3B4 /* Frameworks */ = {
			isa = PBXFrameworksBuildPhase;
			buildActionMask = 2147483647;
			files = (
				FC0D10FF3CE7244CD1F71738 /* Pods_WeatherApp_WeatherAppUITests.framework in Frameworks */,
			);
			runOnlyForDeploymentPostprocessing = 0;
		};
/* End PBXFrameworksBuildPhase section */

/* Begin PBXGroup section */
		04ECEE9CCA35F7F1C3C4060A /* Pods */ = {
			isa = PBXGroup;
			children = (
				3B47C9F27BDD942255950040 /* Pods-WeatherApp.debug.xcconfig */,
				B136B83D9349BF74BECCE631 /* Pods-WeatherApp.release.xcconfig */,
				2E5238841A3FE9179FBE78D3 /* Pods-WeatherApp-WeatherAppUITests.debug.xcconfig */,
				29E668673D74C1258225118B /* Pods-WeatherApp-WeatherAppUITests.release.xcconfig */,
				0659E9B7C71B34D1D2805A36 /* Pods-WeatherAppTests.debug.xcconfig */,
				1DBE6ED2B8C7FE585D3E6DA0 /* Pods-WeatherAppTests.release.xcconfig */,
			);
			path = Pods;
			sourceTree = "<group>";
		};
		437D038127FDA5D50002B3B4 = {
			isa = PBXGroup;
			children = (
				437D038C27FDA5D50002B3B4 /* WeatherApp */,
				437D03A327FDA5D80002B3B4 /* WeatherAppTests */,
				437D03AD27FDA5D80002B3B4 /* WeatherAppUITests */,
				437D038B27FDA5D50002B3B4 /* Products */,
				04ECEE9CCA35F7F1C3C4060A /* Pods */,
				810D0A14F366D17D0AD09C84 /* Frameworks */,
			);
			sourceTree = "<group>";
		};
		437D038B27FDA5D50002B3B4 /* Products */ = {
			isa = PBXGroup;
			children = (
				437D038A27FDA5D50002B3B4 /* WeatherApp.app */,
				437D03A027FDA5D80002B3B4 /* WeatherAppTests.xctest */,
				437D03AA27FDA5D80002B3B4 /* WeatherAppUITests.xctest */,
			);
			name = Products;
			sourceTree = "<group>";
		};
		437D038C27FDA5D50002B3B4 /* WeatherApp */ = {
			isa = PBXGroup;
			children = (
				437D03BD27FDA68B0002B3B4 /* DI */,
				437D03C127FDA7450002B3B4 /* Scenes */,
				437D03E327FDA8240002B3B4 /* Common */,
				437D038D27FDA5D50002B3B4 /* AppDelegate.swift */,
				437D039627FDA5D70002B3B4 /* Assets.xcassets */,
				437D039827FDA5D70002B3B4 /* LaunchScreen.storyboard */,
				437D039B27FDA5D70002B3B4 /* Info.plist */,
			);
			path = WeatherApp;
			sourceTree = "<group>";
		};
		437D03A327FDA5D80002B3B4 /* WeatherAppTests */ = {
			isa = PBXGroup;
			children = (
				437D03A427FDA5D80002B3B4 /* WeatherAppTests.swift */,
			);
			path = WeatherAppTests;
			sourceTree = "<group>";
		};
		437D03AD27FDA5D80002B3B4 /* WeatherAppUITests */ = {
			isa = PBXGroup;
			children = (
				437D03AE27FDA5D80002B3B4 /* WeatherAppUITests.swift */,
				437D03B027FDA5D80002B3B4 /* WeatherAppUITestsLaunchTests.swift */,
			);
			path = WeatherAppUITests;
			sourceTree = "<group>";
		};
		437D03BD27FDA68B0002B3B4 /* DI */ = {
			isa = PBXGroup;
			children = (
				437D03E027FDA8010002B3B4 /* Common */,
				437D03BE27FDA68F0002B3B4 /* Scenes */,
			);
			path = DI;
			sourceTree = "<group>";
		};
		437D03BE27FDA68F0002B3B4 /* Scenes */ = {
			isa = PBXGroup;
			children = (
				437D03DE27FDA7EF0002B3B4 /* BrowserAssembly.swift */,
				437D03CF27FDA79C0002B3B4 /* WeatherAssembly.swift */,
			);
			path = Scenes;
			sourceTree = "<group>";
		};
		437D03C127FDA7450002B3B4 /* Scenes */ = {
			isa = PBXGroup;
			children = (
				437D03D127FDA7C60002B3B4 /* Browser */,
				437D03C227FDA7490002B3B4 /* Weather */,
			);
			path = Scenes;
			sourceTree = "<group>";
		};
		437D03C227FDA7490002B3B4 /* Weather */ = {
			isa = PBXGroup;
			children = (
				437D03C727FDA7610002B3B4 /* WeatherEntity.swift */,
				437D03C627FDA7610002B3B4 /* WeatherInteractor.swift */,
				437D03C327FDA7610002B3B4 /* WeatherPresenter.swift */,
				437D03C427FDA7610002B3B4 /* WeatherRouter.swift */,
				437D03C527FDA7610002B3B4 /* WeatherViewController.swift */,
				437D03C827FDA7610002B3B4 /* WeatherViewController.xib */,
			);
			path = Weather;
			sourceTree = "<group>";
		};
		437D03D127FDA7C60002B3B4 /* Browser */ = {
			isa = PBXGroup;
			children = (
				437D03D627FDA7D40002B3B4 /* BrowserEntity.swift */,
				437D03D527FDA7D40002B3B4 /* BrowserInteractor.swift */,
				437D03D227FDA7D40002B3B4 /* BrowserPresenter.swift */,
				437D03D327FDA7D40002B3B4 /* BrowserRouter.swift */,
				437D03D427FDA7D40002B3B4 /* BrowserViewController.swift */,
				437D03D727FDA7D40002B3B4 /* BrowserViewController.xib */,
			);
			path = Browser;
			sourceTree = "<group>";
		};
		437D03E027FDA8010002B3B4 /* Common */ = {
			isa = PBXGroup;
			children = (
				437D03E127FDA8150002B3B4 /* ViewControllerFactoryAssembly.swift */,
			);
			path = Common;
			sourceTree = "<group>";
		};
		437D03E327FDA8240002B3B4 /* Common */ = {
			isa = PBXGroup;
			children = (
				437D03E727FDAC950002B3B4 /* APICallable.swift */,
				437D03ED27FDB3260002B3B4 /* DailyResponse.swift */,
				437D03E427FDA8320002B3B4 /* ViewControllerFactory.swift */,
				437D03E927FDAD820002B3B4 /* WeatherError.swift */,
				437D03EB27FDAE070002B3B4 /* WeatherResponse.swift */,
			);
			path = Common;
			sourceTree = "<group>";
		};
		810D0A14F366D17D0AD09C84 /* Frameworks */ = {
			isa = PBXGroup;
			children = (
				13904C7C45C80FC5369086A5 /* Pods_WeatherApp.framework */,
				EB7CD149243126D20A07FC90 /* Pods_WeatherApp_WeatherAppUITests.framework */,
				8161B9FD2A39C8D314FF4693 /* Pods_WeatherAppTests.framework */,
			);
			name = Frameworks;
			sourceTree = "<group>";
		};
/* End PBXGroup section */

/* Begin PBXNativeTarget section */
		437D038927FDA5D50002B3B4 /* WeatherApp */ = {
			isa = PBXNativeTarget;
			buildConfigurationList = 437D03B427FDA5D80002B3B4 /* Build configuration list for PBXNativeTarget "WeatherApp" */;
			buildPhases = (
				63BAF266AA68F3632C487481 /* [CP] Check Pods Manifest.lock */,
				437D038627FDA5D50002B3B4 /* Sources */,
				437D038727FDA5D50002B3B4 /* Frameworks */,
				437D038827FDA5D50002B3B4 /* Resources */,
				BFA7B1D5F774926E0CD3E93A /* [CP] Embed Pods Frameworks */,
			);
			buildRules = (
			);
			dependencies = (
			);
			name = WeatherApp;
			productName = WeatherApp;
			productReference = 437D038A27FDA5D50002B3B4 /* WeatherApp.app */;
			productType = "com.apple.product-type.application";
		};
		437D039F27FDA5D80002B3B4 /* WeatherAppTests */ = {
			isa = PBXNativeTarget;
			buildConfigurationList = 437D03B727FDA5D80002B3B4 /* Build configuration list for PBXNativeTarget "WeatherAppTests" */;
			buildPhases = (
				9DBEF08165A2116424BB01F6 /* [CP] Check Pods Manifest.lock */,
				437D039C27FDA5D80002B3B4 /* Sources */,
				437D039D27FDA5D80002B3B4 /* Frameworks */,
				437D039E27FDA5D80002B3B4 /* Resources */,
			);
			buildRules = (
			);
			dependencies = (
				437D03A227FDA5D80002B3B4 /* PBXTargetDependency */,
			);
			name = WeatherAppTests;
			productName = WeatherAppTests;
			productReference = 437D03A027FDA5D80002B3B4 /* WeatherAppTests.xctest */;
			productType = "com.apple.product-type.bundle.unit-test";
		};
		437D03A927FDA5D80002B3B4 /* WeatherAppUITests */ = {
			isa = PBXNativeTarget;
			buildConfigurationList = 437D03BA27FDA5D80002B3B4 /* Build configuration list for PBXNativeTarget "WeatherAppUITests" */;
			buildPhases = (
				F9B6016C859B5FC41B5F5385 /* [CP] Check Pods Manifest.lock */,
				437D03A627FDA5D80002B3B4 /* Sources */,
				437D03A727FDA5D80002B3B4 /* Frameworks */,
				437D03A827FDA5D80002B3B4 /* Resources */,
				DA54122C39861AC7AFB941DF /* [CP] Embed Pods Frameworks */,
			);
			buildRules = (
			);
			dependencies = (
				437D03AC27FDA5D80002B3B4 /* PBXTargetDependency */,
			);
			name = WeatherAppUITests;
			productName = WeatherAppUITests;
			productReference = 437D03AA27FDA5D80002B3B4 /* WeatherAppUITests.xctest */;
			productType = "com.apple.product-type.bundle.ui-testing";
		};
/* End PBXNativeTarget section */

/* Begin PBXProject section */
		437D038227FDA5D50002B3B4 /* Project object */ = {
			isa = PBXProject;
			attributes = {
				BuildIndependentTargetsInParallel = 1;
				LastSwiftUpdateCheck = 1330;
				LastUpgradeCheck = 1330;
				ORGANIZATIONNAME = MEMTARHAN;
				TargetAttributes = {
					437D038927FDA5D50002B3B4 = {
						CreatedOnToolsVersion = 13.3;
					};
					437D039F27FDA5D80002B3B4 = {
						CreatedOnToolsVersion = 13.3;
						TestTargetID = 437D038927FDA5D50002B3B4;
					};
					437D03A927FDA5D80002B3B4 = {
						CreatedOnToolsVersion = 13.3;
						TestTargetID = 437D038927FDA5D50002B3B4;
					};
				};
			};
			buildConfigurationList = 437D038527FDA5D50002B3B4 /* Build configuration list for PBXProject "WeatherApp" */;
			compatibilityVersion = "Xcode 13.0";
			developmentRegion = en;
			hasScannedForEncodings = 0;
			knownRegions = (
				en,
				Base,
			);
			mainGroup = 437D038127FDA5D50002B3B4;
			productRefGroup = 437D038B27FDA5D50002B3B4 /* Products */;
			projectDirPath = "";
			projectRoot = "";
			targets = (
				437D038927FDA5D50002B3B4 /* WeatherApp */,
				437D039F27FDA5D80002B3B4 /* WeatherAppTests */,
				437D03A927FDA5D80002B3B4 /* WeatherAppUITests */,
			);
		};
/* End PBXProject section */

/* Begin PBXResourcesBuildPhase section */
		437D038827FDA5D50002B3B4 /* Resources */ = {
			isa = PBXResourcesBuildPhase;
			buildActionMask = 2147483647;
			files = (
				437D039A27FDA5D70002B3B4 /* LaunchScreen.storyboard in Resources */,
				437D03DD27FDA7D40002B3B4 /* BrowserViewController.xib in Resources */,
				437D03CE27FDA7610002B3B4 /* WeatherViewController.xib in Resources */,
				437D039727FDA5D70002B3B4 /* Assets.xcassets in Resources */,
			);
			runOnlyForDeploymentPostprocessing = 0;
		};
		437D039E27FDA5D80002B3B4 /* Resources */ = {
			isa = PBXResourcesBuildPhase;
			buildActionMask = 2147483647;
			files = (
			);
			runOnlyForDeploymentPostprocessing = 0;
		};
		437D03A827FDA5D80002B3B4 /* Resources */ = {
			isa = PBXResourcesBuildPhase;
			buildActionMask = 2147483647;
			files = (
			);
			runOnlyForDeploymentPostprocessing = 0;
		};
/* End PBXResourcesBuildPhase section */

/* Begin PBXShellScriptBuildPhase section */
		63BAF266AA68F3632C487481 /* [CP] Check Pods Manifest.lock */ = {
			isa = PBXShellScriptBuildPhase;
			buildActionMask = 2147483647;
			files = (
			);
			inputFileListPaths = (
			);
			inputPaths = (
				"${PODS_PODFILE_DIR_PATH}/Podfile.lock",
				"${PODS_ROOT}/Manifest.lock",
			);
			name = "[CP] Check Pods Manifest.lock";
			outputFileListPaths = (
			);
			outputPaths = (
				"$(DERIVED_FILE_DIR)/Pods-WeatherApp-checkManifestLockResult.txt",
			);
			runOnlyForDeploymentPostprocessing = 0;
			shellPath = /bin/sh;
			shellScript = "diff \"${PODS_PODFILE_DIR_PATH}/Podfile.lock\" \"${PODS_ROOT}/Manifest.lock\" > /dev/null\nif [ $? != 0 ] ; then\n    # print error to STDERR\n    echo \"error: The sandbox is not in sync with the Podfile.lock. Run 'pod install' or update your CocoaPods installation.\" >&2\n    exit 1\nfi\n# This output is used by Xcode 'outputs' to avoid re-running this script phase.\necho \"SUCCESS\" > \"${SCRIPT_OUTPUT_FILE_0}\"\n";
			showEnvVarsInLog = 0;
		};
		9DBEF08165A2116424BB01F6 /* [CP] Check Pods Manifest.lock */ = {
			isa = PBXShellScriptBuildPhase;
			buildActionMask = 2147483647;
			files = (
			);
			inputFileListPaths = (
			);
			inputPaths = (
				"${PODS_PODFILE_DIR_PATH}/Podfile.lock",
				"${PODS_ROOT}/Manifest.lock",
			);
			name = "[CP] Check Pods Manifest.lock";
			outputFileListPaths = (
			);
			outputPaths = (
				"$(DERIVED_FILE_DIR)/Pods-WeatherAppTests-checkManifestLockResult.txt",
			);
			runOnlyForDeploymentPostprocessing = 0;
			shellPath = /bin/sh;
			shellScript = "diff \"${PODS_PODFILE_DIR_PATH}/Podfile.lock\" \"${PODS_ROOT}/Manifest.lock\" > /dev/null\nif [ $? != 0 ] ; then\n    # print error to STDERR\n    echo \"error: The sandbox is not in sync with the Podfile.lock. Run 'pod install' or update your CocoaPods installation.\" >&2\n    exit 1\nfi\n# This output is used by Xcode 'outputs' to avoid re-running this script phase.\necho \"SUCCESS\" > \"${SCRIPT_OUTPUT_FILE_0}\"\n";
			showEnvVarsInLog = 0;
		};
		BFA7B1D5F774926E0CD3E93A /* [CP] Embed Pods Frameworks */ = {
			isa = PBXShellScriptBuildPhase;
			buildActionMask = 2147483647;
			files = (
			);
			inputFileListPaths = (
				"${PODS_ROOT}/Target Support Files/Pods-WeatherApp/Pods-WeatherApp-frameworks-${CONFIGURATION}-input-files.xcfilelist",
			);
			name = "[CP] Embed Pods Frameworks";
			outputFileListPaths = (
				"${PODS_ROOT}/Target Support Files/Pods-WeatherApp/Pods-WeatherApp-frameworks-${CONFIGURATION}-output-files.xcfilelist",
			);
			runOnlyForDeploymentPostprocessing = 0;
			shellPath = /bin/sh;
			shellScript = "\"${PODS_ROOT}/Target Support Files/Pods-WeatherApp/Pods-WeatherApp-frameworks.sh\"\n";
			showEnvVarsInLog = 0;
		};
		DA54122C39861AC7AFB941DF /* [CP] Embed Pods Frameworks */ = {
			isa = PBXShellScriptBuildPhase;
			buildActionMask = 2147483647;
			files = (
			);
			inputFileListPaths = (
				"${PODS_ROOT}/Target Support Files/Pods-WeatherApp-WeatherAppUITests/Pods-WeatherApp-WeatherAppUITests-frameworks-${CONFIGURATION}-input-files.xcfilelist",
			);
			name = "[CP] Embed Pods Frameworks";
			outputFileListPaths = (
				"${PODS_ROOT}/Target Support Files/Pods-WeatherApp-WeatherAppUITests/Pods-WeatherApp-WeatherAppUITests-frameworks-${CONFIGURATION}-output-files.xcfilelist",
			);
			runOnlyForDeploymentPostprocessing = 0;
			shellPath = /bin/sh;
			shellScript = "\"${PODS_ROOT}/Target Support Files/Pods-WeatherApp-WeatherAppUITests/Pods-WeatherApp-WeatherAppUITests-frameworks.sh\"\n";
			showEnvVarsInLog = 0;
		};
		F9B6016C859B5FC41B5F5385 /* [CP] Check Pods Manifest.lock */ = {
			isa = PBXShellScriptBuildPhase;
			buildActionMask = 2147483647;
			files = (
			);
			inputFileListPaths = (
			);
			inputPaths = (
				"${PODS_PODFILE_DIR_PATH}/Podfile.lock",
				"${PODS_ROOT}/Manifest.lock",
			);
			name = "[CP] Check Pods Manifest.lock";
			outputFileListPaths = (
			);
			outputPaths = (
				"$(DERIVED_FILE_DIR)/Pods-WeatherApp-WeatherAppUITests-checkManifestLockResult.txt",
			);
			runOnlyForDeploymentPostprocessing = 0;
			shellPath = /bin/sh;
			shellScript = "diff \"${PODS_PODFILE_DIR_PATH}/Podfile.lock\" \"${PODS_ROOT}/Manifest.lock\" > /dev/null\nif [ $? != 0 ] ; then\n    # print error to STDERR\n    echo \"error: The sandbox is not in sync with the Podfile.lock. Run 'pod install' or update your CocoaPods installation.\" >&2\n    exit 1\nfi\n# This output is used by Xcode 'outputs' to avoid re-running this script phase.\necho \"SUCCESS\" > \"${SCRIPT_OUTPUT_FILE_0}\"\n";
			showEnvVarsInLog = 0;
		};
/* End PBXShellScriptBuildPhase section */

/* Begin PBXSourcesBuildPhase section */
		437D038627FDA5D50002B3B4 /* Sources */ = {
			isa = PBXSourcesBuildPhase;
			buildActionMask = 2147483647;
			files = (
				437D03DF27FDA7EF0002B3B4 /* BrowserAssembly.swift in Sources */,
				437D038E27FDA5D50002B3B4 /* AppDelegate.swift in Sources */,
				437D03DB27FDA7D40002B3B4 /* BrowserInteractor.swift in Sources */,
				437D03EE27FDB3260002B3B4 /* DailyResponse.swift in Sources */,
				437D03CD27FDA7610002B3B4 /* WeatherEntity.swift in Sources */,
				437D03CB27FDA7610002B3B4 /* WeatherViewController.swift in Sources */,
				437D03CC27FDA7610002B3B4 /* WeatherInteractor.swift in Sources */,
				437D03EA27FDAD820002B3B4 /* WeatherError.swift in Sources */,
				437D03EC27FDAE070002B3B4 /* WeatherResponse.swift in Sources */,
				437D03E827FDAC950002B3B4 /* APICallable.swift in Sources */,
				437D03E527FDA8320002B3B4 /* ViewControllerFactory.swift in Sources */,
				437D03D027FDA79C0002B3B4 /* WeatherAssembly.swift in Sources */,
				437D03D827FDA7D40002B3B4 /* BrowserPresenter.swift in Sources */,
				437D03D927FDA7D40002B3B4 /* BrowserRouter.swift in Sources */,
				437D03E227FDA8150002B3B4 /* ViewControllerFactoryAssembly.swift in Sources */,
				437D03DA27FDA7D40002B3B4 /* BrowserViewController.swift in Sources */,
				437D03C927FDA7610002B3B4 /* WeatherPresenter.swift in Sources */,
				437D03CA27FDA7610002B3B4 /* WeatherRouter.swift in Sources */,
				437D03DC27FDA7D40002B3B4 /* BrowserEntity.swift in Sources */,
			);
			runOnlyForDeploymentPostprocessing = 0;
		};
		437D039C27FDA5D80002B3B4 /* Sources */ = {
			isa = PBXSourcesBuildPhase;
			buildActionMask = 2147483647;
			files = (
				437D03A527FDA5D80002B3B4 /* WeatherAppTests.swift in Sources */,
			);
			runOnlyForDeploymentPostprocessing = 0;
		};
		437D03A627FDA5D80002B3B4 /* Sources */ = {
			isa = PBXSourcesBuildPhase;
			buildActionMask = 2147483647;
			files = (
				437D03AF27FDA5D80002B3B4 /* WeatherAppUITests.swift in Sources */,
				437D03B127FDA5D80002B3B4 /* WeatherAppUITestsLaunchTests.swift in Sources */,
			);
			runOnlyForDeploymentPostprocessing = 0;
		};
/* End PBXSourcesBuildPhase section */

/* Begin PBXTargetDependency section */
		437D03A227FDA5D80002B3B4 /* PBXTargetDependency */ = {
			isa = PBXTargetDependency;
			target = 437D038927FDA5D50002B3B4 /* WeatherApp */;
			targetProxy = 437D03A127FDA5D80002B3B4 /* PBXContainerItemProxy */;
		};
		437D03AC27FDA5D80002B3B4 /* PBXTargetDependency */ = {
			isa = PBXTargetDependency;
			target = 437D038927FDA5D50002B3B4 /* WeatherApp */;
			targetProxy = 437D03AB27FDA5D80002B3B4 /* PBXContainerItemProxy */;
		};
/* End PBXTargetDependency section */

/* Begin PBXVariantGroup section */
		437D039827FDA5D70002B3B4 /* LaunchScreen.storyboard */ = {
			isa = PBXVariantGroup;
			children = (
				437D039927FDA5D70002B3B4 /* Base */,
			);
			name = LaunchScreen.storyboard;
			sourceTree = "<group>";
		};
/* End PBXVariantGroup section */

/* Begin XCBuildConfiguration section */
		437D03B227FDA5D80002B3B4 /* Debug */ = {
			isa = XCBuildConfiguration;
			buildSettings = {
				ALWAYS_SEARCH_USER_PATHS = NO;
				CLANG_ANALYZER_NONNULL = YES;
				CLANG_ANALYZER_NUMBER_OBJECT_CONVERSION = YES_AGGRESSIVE;
				CLANG_CXX_LANGUAGE_STANDARD = "gnu++17";
				CLANG_ENABLE_MODULES = YES;
				CLANG_ENABLE_OBJC_ARC = YES;
				CLANG_ENABLE_OBJC_WEAK = YES;
				CLANG_WARN_BLOCK_CAPTURE_AUTORELEASING = YES;
				CLANG_WARN_BOOL_CONVERSION = YES;
				CLANG_WARN_COMMA = YES;
				CLANG_WARN_CONSTANT_CONVERSION = YES;
				CLANG_WARN_DEPRECATED_OBJC_IMPLEMENTATIONS = YES;
				CLANG_WARN_DIRECT_OBJC_ISA_USAGE = YES_ERROR;
				CLANG_WARN_DOCUMENTATION_COMMENTS = YES;
				CLANG_WARN_EMPTY_BODY = YES;
				CLANG_WARN_ENUM_CONVERSION = YES;
				CLANG_WARN_INFINITE_RECURSION = YES;
				CLANG_WARN_INT_CONVERSION = YES;
				CLANG_WARN_NON_LITERAL_NULL_CONVERSION = YES;
				CLANG_WARN_OBJC_IMPLICIT_RETAIN_SELF = YES;
				CLANG_WARN_OBJC_LITERAL_CONVERSION = YES;
				CLANG_WARN_OBJC_ROOT_CLASS = YES_ERROR;
				CLANG_WARN_QUOTED_INCLUDE_IN_FRAMEWORK_HEADER = YES;
				CLANG_WARN_RANGE_LOOP_ANALYSIS = YES;
				CLANG_WARN_STRICT_PROTOTYPES = YES;
				CLANG_WARN_SUSPICIOUS_MOVE = YES;
				CLANG_WARN_UNGUARDED_AVAILABILITY = YES_AGGRESSIVE;
				CLANG_WARN_UNREACHABLE_CODE = YES;
				CLANG_WARN__DUPLICATE_METHOD_MATCH = YES;
				COPY_PHASE_STRIP = NO;
				DEBUG_INFORMATION_FORMAT = dwarf;
				ENABLE_STRICT_OBJC_MSGSEND = YES;
				ENABLE_TESTABILITY = YES;
				GCC_C_LANGUAGE_STANDARD = gnu11;
				GCC_DYNAMIC_NO_PIC = NO;
				GCC_NO_COMMON_BLOCKS = YES;
				GCC_OPTIMIZATION_LEVEL = 0;
				GCC_PREPROCESSOR_DEFINITIONS = (
					"DEBUG=1",
					"$(inherited)",
				);
				GCC_WARN_64_TO_32_BIT_CONVERSION = YES;
				GCC_WARN_ABOUT_RETURN_TYPE = YES_ERROR;
				GCC_WARN_UNDECLARED_SELECTOR = YES;
				GCC_WARN_UNINITIALIZED_AUTOS = YES_AGGRESSIVE;
				GCC_WARN_UNUSED_FUNCTION = YES;
				GCC_WARN_UNUSED_VARIABLE = YES;
				IPHONEOS_DEPLOYMENT_TARGET = 15.4;
				MTL_ENABLE_DEBUG_INFO = INCLUDE_SOURCE;
				MTL_FAST_MATH = YES;
				ONLY_ACTIVE_ARCH = YES;
				SDKROOT = iphoneos;
				SWIFT_ACTIVE_COMPILATION_CONDITIONS = DEBUG;
				SWIFT_OPTIMIZATION_LEVEL = "-Onone";
			};
			name = Debug;
		};
		437D03B327FDA5D80002B3B4 /* Release */ = {
			isa = XCBuildConfiguration;
			buildSettings = {
				ALWAYS_SEARCH_USER_PATHS = NO;
				CLANG_ANALYZER_NONNULL = YES;
				CLANG_ANALYZER_NUMBER_OBJECT_CONVERSION = YES_AGGRESSIVE;
				CLANG_CXX_LANGUAGE_STANDARD = "gnu++17";
				CLANG_ENABLE_MODULES = YES;
				CLANG_ENABLE_OBJC_ARC = YES;
				CLANG_ENABLE_OBJC_WEAK = YES;
				CLANG_WARN_BLOCK_CAPTURE_AUTORELEASING = YES;
				CLANG_WARN_BOOL_CONVERSION = YES;
				CLANG_WARN_COMMA = YES;
				CLANG_WARN_CONSTANT_CONVERSION = YES;
				CLANG_WARN_DEPRECATED_OBJC_IMPLEMENTATIONS = YES;
				CLANG_WARN_DIRECT_OBJC_ISA_USAGE = YES_ERROR;
				CLANG_WARN_DOCUMENTATION_COMMENTS = YES;
				CLANG_WARN_EMPTY_BODY = YES;
				CLANG_WARN_ENUM_CONVERSION = YES;
				CLANG_WARN_INFINITE_RECURSION = YES;
				CLANG_WARN_INT_CONVERSION = YES;
				CLANG_WARN_NON_LITERAL_NULL_CONVERSION = YES;
				CLANG_WARN_OBJC_IMPLICIT_RETAIN_SELF = YES;
				CLANG_WARN_OBJC_LITERAL_CONVERSION = YES;
				CLANG_WARN_OBJC_ROOT_CLASS = YES_ERROR;
				CLANG_WARN_QUOTED_INCLUDE_IN_FRAMEWORK_HEADER = YES;
				CLANG_WARN_RANGE_LOOP_ANALYSIS = YES;
				CLANG_WARN_STRICT_PROTOTYPES = YES;
				CLANG_WARN_SUSPICIOUS_MOVE = YES;
				CLANG_WARN_UNGUARDED_AVAILABILITY = YES_AGGRESSIVE;
				CLANG_WARN_UNREACHABLE_CODE = YES;
				CLANG_WARN__DUPLICATE_METHOD_MATCH = YES;
				COPY_PHASE_STRIP = NO;
				DEBUG_INFORMATION_FORMAT = "dwarf-with-dsym";
				ENABLE_NS_ASSERTIONS = NO;
				ENABLE_STRICT_OBJC_MSGSEND = YES;
				GCC_C_LANGUAGE_STANDARD = gnu11;
				GCC_NO_COMMON_BLOCKS = YES;
				GCC_WARN_64_TO_32_BIT_CONVERSION = YES;
				GCC_WARN_ABOUT_RETURN_TYPE = YES_ERROR;
				GCC_WARN_UNDECLARED_SELECTOR = YES;
				GCC_WARN_UNINITIALIZED_AUTOS = YES_AGGRESSIVE;
				GCC_WARN_UNUSED_FUNCTION = YES;
				GCC_WARN_UNUSED_VARIABLE = YES;
				IPHONEOS_DEPLOYMENT_TARGET = 15.4;
				MTL_ENABLE_DEBUG_INFO = NO;
				MTL_FAST_MATH = YES;
				SDKROOT = iphoneos;
				SWIFT_COMPILATION_MODE = wholemodule;
				SWIFT_OPTIMIZATION_LEVEL = "-O";
				VALIDATE_PRODUCT = YES;
			};
			name = Release;
		};
		437D03B527FDA5D80002B3B4 /* Debug */ = {
			isa = XCBuildConfiguration;
			baseConfigurationReference = 3B47C9F27BDD942255950040 /* Pods-WeatherApp.debug.xcconfig */;
			buildSettings = {
				ASSETCATALOG_COMPILER_APPICON_NAME = AppIcon;
				ASSETCATALOG_COMPILER_GLOBAL_ACCENT_COLOR_NAME = AccentColor;
				CODE_SIGN_STYLE = Automatic;
				CURRENT_PROJECT_VERSION = 1;
				DEVELOPMENT_TEAM = 2L9L899V66;
				GENERATE_INFOPLIST_FILE = YES;
				INFOPLIST_FILE = WeatherApp/Info.plist;
				INFOPLIST_KEY_UIApplicationSupportsIndirectInputEvents = YES;
				INFOPLIST_KEY_UILaunchStoryboardName = LaunchScreen;
				INFOPLIST_KEY_UISupportedInterfaceOrientations_iPad = "UIInterfaceOrientationPortrait UIInterfaceOrientationPortraitUpsideDown UIInterfaceOrientationLandscapeLeft UIInterfaceOrientationLandscapeRight";
				INFOPLIST_KEY_UISupportedInterfaceOrientations_iPhone = "UIInterfaceOrientationPortrait UIInterfaceOrientationLandscapeLeft UIInterfaceOrientationLandscapeRight";
				IPHONEOS_DEPLOYMENT_TARGET = 13.0;
				LD_RUNPATH_SEARCH_PATHS = (
					"$(inherited)",
					"@executable_path/Frameworks",
				);
				MARKETING_VERSION = 1.0;
				PRODUCT_BUNDLE_IDENTIFIER = MEMTARHAN.WeatherApp;
				PRODUCT_NAME = "$(TARGET_NAME)";
				SWIFT_EMIT_LOC_STRINGS = YES;
				SWIFT_VERSION = 5.0;
				TARGETED_DEVICE_FAMILY = "1,2";
			};
			name = Debug;
		};
		437D03B627FDA5D80002B3B4 /* Release */ = {
			isa = XCBuildConfiguration;
			baseConfigurationReference = B136B83D9349BF74BECCE631 /* Pods-WeatherApp.release.xcconfig */;
			buildSettings = {
				ASSETCATALOG_COMPILER_APPICON_NAME = AppIcon;
				ASSETCATALOG_COMPILER_GLOBAL_ACCENT_COLOR_NAME = AccentColor;
				CODE_SIGN_STYLE = Automatic;
				CURRENT_PROJECT_VERSION = 1;
				DEVELOPMENT_TEAM = 2L9L899V66;
				GENERATE_INFOPLIST_FILE = YES;
				INFOPLIST_FILE = WeatherApp/Info.plist;
				INFOPLIST_KEY_UIApplicationSupportsIndirectInputEvents = YES;
				INFOPLIST_KEY_UILaunchStoryboardName = LaunchScreen;
				INFOPLIST_KEY_UISupportedInterfaceOrientations_iPad = "UIInterfaceOrientationPortrait UIInterfaceOrientationPortraitUpsideDown UIInterfaceOrientationLandscapeLeft UIInterfaceOrientationLandscapeRight";
				INFOPLIST_KEY_UISupportedInterfaceOrientations_iPhone = "UIInterfaceOrientationPortrait UIInterfaceOrientationLandscapeLeft UIInterfaceOrientationLandscapeRight";
				IPHONEOS_DEPLOYMENT_TARGET = 13.0;
				LD_RUNPATH_SEARCH_PATHS = (
					"$(inherited)",
					"@executable_path/Frameworks",
				);
				MARKETING_VERSION = 1.0;
				PRODUCT_BUNDLE_IDENTIFIER = MEMTARHAN.WeatherApp;
				PRODUCT_NAME = "$(TARGET_NAME)";
				SWIFT_EMIT_LOC_STRINGS = YES;
				SWIFT_VERSION = 5.0;
				TARGETED_DEVICE_FAMILY = "1,2";
			};
			name = Release;
		};
		437D03B827FDA5D80002B3B4 /* Debug */ = {
			isa = XCBuildConfiguration;
			baseConfigurationReference = 0659E9B7C71B34D1D2805A36 /* Pods-WeatherAppTests.debug.xcconfig */;
			buildSettings = {
				ALWAYS_EMBED_SWIFT_STANDARD_LIBRARIES = YES;
				BUNDLE_LOADER = "$(TEST_HOST)";
				CODE_SIGN_STYLE = Automatic;
				CURRENT_PROJECT_VERSION = 1;
				DEVELOPMENT_TEAM = 2L9L899V66;
				GENERATE_INFOPLIST_FILE = YES;
				IPHONEOS_DEPLOYMENT_TARGET = 15.4;
				MARKETING_VERSION = 1.0;
				PRODUCT_BUNDLE_IDENTIFIER = MEMTARHAN.WeatherAppTests;
				PRODUCT_NAME = "$(TARGET_NAME)";
				SWIFT_EMIT_LOC_STRINGS = NO;
				SWIFT_VERSION = 5.0;
				TARGETED_DEVICE_FAMILY = "1,2";
				TEST_HOST = "$(BUILT_PRODUCTS_DIR)/WeatherApp.app/WeatherApp";
			};
			name = Debug;
		};
		437D03B927FDA5D80002B3B4 /* Release */ = {
			isa = XCBuildConfiguration;
			baseConfigurationReference = 1DBE6ED2B8C7FE585D3E6DA0 /* Pods-WeatherAppTests.release.xcconfig */;
			buildSettings = {
				ALWAYS_EMBED_SWIFT_STANDARD_LIBRARIES = YES;
				BUNDLE_LOADER = "$(TEST_HOST)";
				CODE_SIGN_STYLE = Automatic;
				CURRENT_PROJECT_VERSION = 1;
				DEVELOPMENT_TEAM = 2L9L899V66;
				GENERATE_INFOPLIST_FILE = YES;
				IPHONEOS_DEPLOYMENT_TARGET = 15.4;
				MARKETING_VERSION = 1.0;
				PRODUCT_BUNDLE_IDENTIFIER = MEMTARHAN.WeatherAppTests;
				PRODUCT_NAME = "$(TARGET_NAME)";
				SWIFT_EMIT_LOC_STRINGS = NO;
				SWIFT_VERSION = 5.0;
				TARGETED_DEVICE_FAMILY = "1,2";
				TEST_HOST = "$(BUILT_PRODUCTS_DIR)/WeatherApp.app/WeatherApp";
			};
			name = Release;
		};
		437D03BB27FDA5D80002B3B4 /* Debug */ = {
			isa = XCBuildConfiguration;
			baseConfigurationReference = 2E5238841A3FE9179FBE78D3 /* Pods-WeatherApp-WeatherAppUITests.debug.xcconfig */;
			buildSettings = {
				ALWAYS_EMBED_SWIFT_STANDARD_LIBRARIES = YES;
				CODE_SIGN_STYLE = Automatic;
				CURRENT_PROJECT_VERSION = 1;
				DEVELOPMENT_TEAM = 2L9L899V66;
				GENERATE_INFOPLIST_FILE = YES;
				MARKETING_VERSION = 1.0;
				PRODUCT_BUNDLE_IDENTIFIER = MEMTARHAN.WeatherAppUITests;
				PRODUCT_NAME = "$(TARGET_NAME)";
				SWIFT_EMIT_LOC_STRINGS = NO;
				SWIFT_VERSION = 5.0;
				TARGETED_DEVICE_FAMILY = "1,2";
				TEST_TARGET_NAME = WeatherApp;
			};
			name = Debug;
		};
		437D03BC27FDA5D80002B3B4 /* Release */ = {
			isa = XCBuildConfiguration;
			baseConfigurationReference = 29E668673D74C1258225118B /* Pods-WeatherApp-WeatherAppUITests.release.xcconfig */;
			buildSettings = {
				ALWAYS_EMBED_SWIFT_STANDARD_LIBRARIES = YES;
				CODE_SIGN_STYLE = Automatic;
				CURRENT_PROJECT_VERSION = 1;
				DEVELOPMENT_TEAM = 2L9L899V66;
				GENERATE_INFOPLIST_FILE = YES;
				MARKETING_VERSION = 1.0;
				PRODUCT_BUNDLE_IDENTIFIER = MEMTARHAN.WeatherAppUITests;
				PRODUCT_NAME = "$(TARGET_NAME)";
				SWIFT_EMIT_LOC_STRINGS = NO;
				SWIFT_VERSION = 5.0;
				TARGETED_DEVICE_FAMILY = "1,2";
				TEST_TARGET_NAME = WeatherApp;
			};
			name = Release;
		};
/* End XCBuildConfiguration section */

/* Begin XCConfigurationList section */
		437D038527FDA5D50002B3B4 /* Build configuration list for PBXProject "WeatherApp" */ = {
			isa = XCConfigurationList;
			buildConfigurations = (
				437D03B227FDA5D80002B3B4 /* Debug */,
				437D03B327FDA5D80002B3B4 /* Release */,
			);
			defaultConfigurationIsVisible = 0;
			defaultConfigurationName = Release;
		};
		437D03B427FDA5D80002B3B4 /* Build configuration list for PBXNativeTarget "WeatherApp" */ = {
			isa = XCConfigurationList;
			buildConfigurations = (
				437D03B527FDA5D80002B3B4 /* Debug */,
				437D03B627FDA5D80002B3B4 /* Release */,
			);
			defaultConfigurationIsVisible = 0;
			defaultConfigurationName = Release;
		};
		437D03B727FDA5D80002B3B4 /* Build configuration list for PBXNativeTarget "WeatherAppTests" */ = {
			isa = XCConfigurationList;
			buildConfigurations = (
				437D03B827FDA5D80002B3B4 /* Debug */,
				437D03B927FDA5D80002B3B4 /* Release */,
			);
			defaultConfigurationIsVisible = 0;
			defaultConfigurationName = Release;
		};
		437D03BA27FDA5D80002B3B4 /* Build configuration list for PBXNativeTarget "WeatherAppUITests" */ = {
			isa = XCConfigurationList;
			buildConfigurations = (
				437D03BB27FDA5D80002B3B4 /* Debug */,
				437D03BC27FDA5D80002B3B4 /* Release */,
			);
			defaultConfigurationIsVisible = 0;
			defaultConfigurationName = Release;
		};
/* End XCConfigurationList section */
	};
	rootObject = 437D038227FDA5D50002B3B4 /* Project object */;
}
